github.com/google/uuid v1.5.0 h1:1p67kYwdtXjb0gL0BPiP1Av9wiZPo5A8z2cWkTZ+eyU=
github.com/google/uuid v1.5.0/go.mod h1:TIyPZe4MgqvfeYDBFedMoGGpEw/LqOeaOT+nhxU+yHo=
github.com/stevekineeve88/nimydb-engine v0.0.2-beta h1:SuYgaSMmupyf12RyfLf+lEQra4M3wgEEbqkCX6j8Lys=
github.com/stevekineeve88/nimydb-engine v0.0.2-beta/go.mod h1:pGcjQfkldf4Y7ldh4V4PgY35AgnWNkXeXxZHgvSo/Ds=
